// !$*UTF8*$!
{
	archiveVersion = 1;
	classes = {
	};
	objectVersion = 50;
	objects = {

/* Begin PBXBuildFile section */
		4E867D6F26800B6A00803068 /* AppDelegate.swift in Sources */ = {isa = PBXBuildFile; fileRef = 4E867D6E26800B6A00803068 /* AppDelegate.swift */; };
		4E867D7126800B6A00803068 /* SceneDelegate.swift in Sources */ = {isa = PBXBuildFile; fileRef = 4E867D7026800B6A00803068 /* SceneDelegate.swift */; };
		4E867D7326800B6A00803068 /* HomeViewController.swift in Sources */ = {isa = PBXBuildFile; fileRef = 4E867D7226800B6A00803068 /* HomeViewController.swift */; };
		4E867D7926800B6A00803068 /* PokeDex.xcdatamodeld in Sources */ = {isa = PBXBuildFile; fileRef = 4E867D7726800B6A00803068 /* PokeDex.xcdatamodeld */; };
		4E867D7B26800B6D00803068 /* Assets.xcassets in Resources */ = {isa = PBXBuildFile; fileRef = 4E867D7A26800B6D00803068 /* Assets.xcassets */; };
		4E867D7E26800B6D00803068 /* LaunchScreen.storyboard in Resources */ = {isa = PBXBuildFile; fileRef = 4E867D7C26800B6D00803068 /* LaunchScreen.storyboard */; };
		4E867D8C2681A78100803068 /* PokemonTableViewCell.swift in Sources */ = {isa = PBXBuildFile; fileRef = 4E867D8B2681A78100803068 /* PokemonTableViewCell.swift */; };
		4E867D8E2681ABDF00803068 /* Mob2.jpeg in Resources */ = {isa = PBXBuildFile; fileRef = 4E867D8D2681ABDF00803068 /* Mob2.jpeg */; };
		4E867D922682AB9A00803068 /* PokemonDetailsViewController.swift in Sources */ = {isa = PBXBuildFile; fileRef = 4E867D912682AB9A00803068 /* PokemonDetailsViewController.swift */; };
		4E867D942682E07700803068 /* Utility.swift in Sources */ = {isa = PBXBuildFile; fileRef = 4E867D932682E07700803068 /* Utility.swift */; };
		4E867D962682EF2E00803068 /* Pokemon.swift in Sources */ = {isa = PBXBuildFile; fileRef = 4E867D952682EF2E00803068 /* Pokemon.swift */; };
		4E867D992683D16B00803068 /* PokemonEntity+CoreDataClass.swift in Sources */ = {isa = PBXBuildFile; fileRef = 4E867D972683D16B00803068 /* PokemonEntity+CoreDataClass.swift */; };
		4E867D9A2683D16B00803068 /* PokemonEntity+CoreDataProperties.swift in Sources */ = {isa = PBXBuildFile; fileRef = 4E867D982683D16B00803068 /* PokemonEntity+CoreDataProperties.swift */; };
/* End PBXBuildFile section */

/* Begin PBXFileReference section */
		4E867D6B26800B6A00803068 /* PokeDex.app */ = {isa = PBXFileReference; explicitFileType = wrapper.application; includeInIndex = 0; path = PokeDex.app; sourceTree = BUILT_PRODUCTS_DIR; };
		4E867D6E26800B6A00803068 /* AppDelegate.swift */ = {isa = PBXFileReference; lastKnownFileType = sourcecode.swift; path = AppDelegate.swift; sourceTree = "<group>"; };
		4E867D7026800B6A00803068 /* SceneDelegate.swift */ = {isa = PBXFileReference; lastKnownFileType = sourcecode.swift; path = SceneDelegate.swift; sourceTree = "<group>"; };
		4E867D7226800B6A00803068 /* HomeViewController.swift */ = {isa = PBXFileReference; lastKnownFileType = sourcecode.swift; path = HomeViewController.swift; sourceTree = "<group>"; };
		4E867D7826800B6A00803068 /* PokeDex.xcdatamodel */ = {isa = PBXFileReference; lastKnownFileType = wrapper.xcdatamodel; path = PokeDex.xcdatamodel; sourceTree = "<group>"; };
		4E867D7A26800B6D00803068 /* Assets.xcassets */ = {isa = PBXFileReference; lastKnownFileType = folder.assetcatalog; path = Assets.xcassets; sourceTree = "<group>"; };
		4E867D7D26800B6D00803068 /* Base */ = {isa = PBXFileReference; lastKnownFileType = file.storyboard; name = Base; path = Base.lproj/LaunchScreen.storyboard; sourceTree = "<group>"; };
		4E867D7F26800B6D00803068 /* Info.plist */ = {isa = PBXFileReference; lastKnownFileType = text.plist.xml; path = Info.plist; sourceTree = "<group>"; };
		4E867D8B2681A78100803068 /* PokemonTableViewCell.swift */ = {isa = PBXFileReference; lastKnownFileType = sourcecode.swift; path = PokemonTableViewCell.swift; sourceTree = "<group>"; };
		4E867D8D2681ABDF00803068 /* Mob2.jpeg */ = {isa = PBXFileReference; lastKnownFileType = image.jpeg; name = Mob2.jpeg; path = ../../../../Downloads/Mob2.jpeg; sourceTree = "<group>"; };
		4E867D912682AB9A00803068 /* PokemonDetailsViewController.swift */ = {isa = PBXFileReference; lastKnownFileType = sourcecode.swift; path = PokemonDetailsViewController.swift; sourceTree = "<group>"; };
		4E867D932682E07700803068 /* Utility.swift */ = {isa = PBXFileReference; lastKnownFileType = sourcecode.swift; name = Utility.swift; path = "PokeDex/View Controllers/Utility.swift"; sourceTree = SOURCE_ROOT; };
		4E867D952682EF2E00803068 /* Pokemon.swift */ = {isa = PBXFileReference; lastKnownFileType = sourcecode.swift; path = Pokemon.swift; sourceTree = "<group>"; };
		4E867D972683D16B00803068 /* PokemonEntity+CoreDataClass.swift */ = {isa = PBXFileReference; lastKnownFileType = sourcecode.swift; path = "PokemonEntity+CoreDataClass.swift"; sourceTree = "<group>"; };
		4E867D982683D16B00803068 /* PokemonEntity+CoreDataProperties.swift */ = {isa = PBXFileReference; lastKnownFileType = sourcecode.swift; path = "PokemonEntity+CoreDataProperties.swift"; sourceTree = "<group>"; };
/* End PBXFileReference section */

/* Begin PBXFrameworksBuildPhase section */
		4E867D6826800B6A00803068 /* Frameworks */ = {
			isa = PBXFrameworksBuildPhase;
			buildActionMask = 2147483647;
			files = (
			);
			runOnlyForDeploymentPostprocessing = 0;
		};
/* End PBXFrameworksBuildPhase section */

/* Begin PBXGroup section */
		4E867D6226800B6A00803068 = {
			isa = PBXGroup;
			children = (
				4E867D6D26800B6A00803068 /* PokeDex */,
				4E867D6C26800B6A00803068 /* Products */,
			);
			sourceTree = "<group>";
		};
		4E867D6C26800B6A00803068 /* Products */ = {
			isa = PBXGroup;
			children = (
				4E867D6B26800B6A00803068 /* PokeDex.app */,
			);
			name = Products;
			sourceTree = "<group>";
		};
		4E867D6D26800B6A00803068 /* PokeDex */ = {
			isa = PBXGroup;
			children = (
				4E867D8A2681A76500803068 /* Model */,
				4E867D8726800BAE00803068 /* View Controllers */,
				4E867D8526800B7D00803068 /* Supporting Files */,
				4E867D7F26800B6D00803068 /* Info.plist */,
				4E867D7726800B6A00803068 /* PokeDex.xcdatamodeld */,
			);
			path = PokeDex;
			sourceTree = "<group>";
		};
		4E867D8526800B7D00803068 /* Supporting Files */ = {
			isa = PBXGroup;
			children = (
				4E867D6E26800B6A00803068 /* AppDelegate.swift */,
				4E867D7026800B6A00803068 /* SceneDelegate.swift */,
				4E867D7A26800B6D00803068 /* Assets.xcassets */,
				4E867D8D2681ABDF00803068 /* Mob2.jpeg */,
				4E867D7C26800B6D00803068 /* LaunchScreen.storyboard */,
			);
			path = "Supporting Files";
			sourceTree = "<group>";
		};
		4E867D8726800BAE00803068 /* View Controllers */ = {
			isa = PBXGroup;
			children = (
				4E867D7226800B6A00803068 /* HomeViewController.swift */,
				4E867D912682AB9A00803068 /* PokemonDetailsViewController.swift */,
			);
			path = "View Controllers";
			sourceTree = "<group>";
		};
		4E867D8A2681A76500803068 /* Model */ = {
			isa = PBXGroup;
			children = (
				4E867D952682EF2E00803068 /* Pokemon.swift */,
				4E867D8B2681A78100803068 /* PokemonTableViewCell.swift */,
				4E867D972683D16B00803068 /* PokemonEntity+CoreDataClass.swift */,
				4E867D982683D16B00803068 /* PokemonEntity+CoreDataProperties.swift */,
				4E867D932682E07700803068 /* Utility.swift */,
			);
			path = Model;
			sourceTree = "<group>";
		};
/* End PBXGroup section */

/* Begin PBXNativeTarget section */
		4E867D6A26800B6A00803068 /* PokeDex */ = {
			isa = PBXNativeTarget;
			buildConfigurationList = 4E867D8226800B6D00803068 /* Build configuration list for PBXNativeTarget "PokeDex" */;
			buildPhases = (
				4E867D6726800B6A00803068 /* Sources */,
				4E867D6826800B6A00803068 /* Frameworks */,
				4E867D6926800B6A00803068 /* Resources */,
			);
			buildRules = (
			);
			dependencies = (
			);
			name = PokeDex;
			productName = PokeDex;
			productReference = 4E867D6B26800B6A00803068 /* PokeDex.app */;
			productType = "com.apple.product-type.application";
		};
/* End PBXNativeTarget section */

/* Begin PBXProject section */
		4E867D6326800B6A00803068 /* Project object */ = {
			isa = PBXProject;
			attributes = {
				LastSwiftUpdateCheck = 1250;
				LastUpgradeCheck = 1250;
				TargetAttributes = {
					4E867D6A26800B6A00803068 = {
						CreatedOnToolsVersion = 12.5;
					};
				};
			};
			buildConfigurationList = 4E867D6626800B6A00803068 /* Build configuration list for PBXProject "PokeDex" */;
			compatibilityVersion = "Xcode 9.3";
			developmentRegion = en;
			hasScannedForEncodings = 0;
			knownRegions = (
				en,
				Base,
			);
			mainGroup = 4E867D6226800B6A00803068;
			productRefGroup = 4E867D6C26800B6A00803068 /* Products */;
			projectDirPath = "";
			projectRoot = "";
			targets = (
				4E867D6A26800B6A00803068 /* PokeDex */,
			);
		};
/* End PBXProject section */

/* Begin PBXResourcesBuildPhase section */
		4E867D6926800B6A00803068 /* Resources */ = {
			isa = PBXResourcesBuildPhase;
			buildActionMask = 2147483647;
			files = (
				4E867D8E2681ABDF00803068 /* Mob2.jpeg in Resources */,
				4E867D7E26800B6D00803068 /* LaunchScreen.storyboard in Resources */,
				4E867D7B26800B6D00803068 /* Assets.xcassets in Resources */,
			);
			runOnlyForDeploymentPostprocessing = 0;
		};
/* End PBXResourcesBuildPhase section */

/* Begin PBXSourcesBuildPhase section */
		4E867D6726800B6A00803068 /* Sources */ = {
			isa = PBXSourcesBuildPhase;
			buildActionMask = 2147483647;
			files = (
				4E867D7926800B6A00803068 /* PokeDex.xcdatamodeld in Sources */,
				4E867D7326800B6A00803068 /* HomeViewController.swift in Sources */,
				4E867D992683D16B00803068 /* PokemonEntity+CoreDataClass.swift in Sources */,
				4E867D6F26800B6A00803068 /* AppDelegate.swift in Sources */,
				4E867D8C2681A78100803068 /* PokemonTableViewCell.swift in Sources */,
				4E867D942682E07700803068 /* Utility.swift in Sources */,
				4E867D962682EF2E00803068 /* Pokemon.swift in Sources */,
				4E867D922682AB9A00803068 /* PokemonDetailsViewController.swift in Sources */,
				4E867D9A2683D16B00803068 /* PokemonEntity+CoreDataProperties.swift in Sources */,
				4E867D7126800B6A00803068 /* SceneDelegate.swift in Sources */,
			);
			runOnlyForDeploymentPostprocessing = 0;
		};
/* End PBXSourcesBuildPhase section */

/* Begin PBXVariantGroup section */
		4E867D7C26800B6D00803068 /* LaunchScreen.storyboard */ = {
			isa = PBXVariantGroup;
			children = (
				4E867D7D26800B6D00803068 /* Base */,
			);
			name = LaunchScreen.storyboard;
			sourceTree = "<group>";
		};
/* End PBXVariantGroup section */

/* Begin XCBuildConfiguration section */
		4E867D8026800B6D00803068 /* Debug */ = {
			isa = XCBuildConfiguration;
			buildSettings = {
				ALWAYS_SEARCH_USER_PATHS = NO;
				CLANG_ANALYZER_NONNULL = YES;
				CLANG_ANALYZER_NUMBER_OBJECT_CONVERSION = YES_AGGRESSIVE;
				CLANG_CXX_LANGUAGE_STANDARD = "gnu++14";
				CLANG_CXX_LIBRARY = "libc++";
				CLANG_ENABLE_MODULES = YES;
				CLANG_ENABLE_OBJC_ARC = YES;
				CLANG_ENABLE_OBJC_WEAK = YES;
				CLANG_WARN_BLOCK_CAPTURE_AUTORELEASING = YES;
				CLANG_WARN_BOOL_CONVERSION = YES;
				CLANG_WARN_COMMA = YES;
				CLANG_WARN_CONSTANT_CONVERSION = YES;
				CLANG_WARN_DEPRECATED_OBJC_IMPLEMENTATIONS = YES;
				CLANG_WARN_DIRECT_OBJC_ISA_USAGE = YES_ERROR;
				CLANG_WARN_DOCUMENTATION_COMMENTS = YES;
				CLANG_WARN_EMPTY_BODY = YES;
				CLANG_WARN_ENUM_CONVERSION = YES;
				CLANG_WARN_INFINITE_RECURSION = YES;
				CLANG_WARN_INT_CONVERSION = YES;
				CLANG_WARN_NON_LITERAL_NULL_CONVERSION = YES;
				CLANG_WARN_OBJC_IMPLICIT_RETAIN_SELF = YES;
				CLANG_WARN_OBJC_LITERAL_CONVERSION = YES;
				CLANG_WARN_OBJC_ROOT_CLASS = YES_ERROR;
				CLANG_WARN_QUOTED_INCLUDE_IN_FRAMEWORK_HEADER = YES;
				CLANG_WARN_RANGE_LOOP_ANALYSIS = YES;
				CLANG_WARN_STRICT_PROTOTYPES = YES;
				CLANG_WARN_SUSPICIOUS_MOVE = YES;
				CLANG_WARN_UNGUARDED_AVAILABILITY = YES_AGGRESSIVE;
				CLANG_WARN_UNREACHABLE_CODE = YES;
				CLANG_WARN__DUPLICATE_METHOD_MATCH = YES;
				COPY_PHASE_STRIP = NO;
				DEBUG_INFORMATION_FORMAT = dwarf;
				ENABLE_STRICT_OBJC_MSGSEND = YES;
				ENABLE_TESTABILITY = YES;
				GCC_C_LANGUAGE_STANDARD = gnu11;
				GCC_DYNAMIC_NO_PIC = NO;
				GCC_NO_COMMON_BLOCKS = YES;
				GCC_OPTIMIZATION_LEVEL = 0;
				GCC_PREPROCESSOR_DEFINITIONS = (
					"DEBUG=1",
					"$(inherited)",
				);
				GCC_WARN_64_TO_32_BIT_CONVERSION = YES;
				GCC_WARN_ABOUT_RETURN_TYPE = YES_ERROR;
				GCC_WARN_UNDECLARED_SELECTOR = YES;
				GCC_WARN_UNINITIALIZED_AUTOS = YES_AGGRESSIVE;
				GCC_WARN_UNUSED_FUNCTION = YES;
				GCC_WARN_UNUSED_VARIABLE = YES;
				IPHONEOS_DEPLOYMENT_TARGET = 14.5;
				MTL_ENABLE_DEBUG_INFO = INCLUDE_SOURCE;
				MTL_FAST_MATH = YES;
				ONLY_ACTIVE_ARCH = YES;
				SDKROOT = iphoneos;
				SWIFT_ACTIVE_COMPILATION_CONDITIONS = DEBUG;
				SWIFT_OPTIMIZATION_LEVEL = "-Onone";
			};
			name = Debug;
		};
		4E867D8126800B6D00803068 /* Release */ = {
			isa = XCBuildConfiguration;
			buildSettings = {
				ALWAYS_SEARCH_USER_PATHS = NO;
				CLANG_ANALYZER_NONNULL = YES;
				CLANG_ANALYZER_NUMBER_OBJECT_CONVERSION = YES_AGGRESSIVE;
				CLANG_CXX_LANGUAGE_STANDARD = "gnu++14";
				CLANG_CXX_LIBRARY = "libc++";
				CLANG_ENABLE_MODULES = YES;
				CLANG_ENABLE_OBJC_ARC = YES;
				CLANG_ENABLE_OBJC_WEAK = YES;
				CLANG_WARN_BLOCK_CAPTURE_AUTORELEASING = YES;
				CLANG_WARN_BOOL_CONVERSION = YES;
				CLANG_WARN_COMMA = YES;
				CLANG_WARN_CONSTANT_CONVERSION = YES;
				CLANG_WARN_DEPRECATED_OBJC_IMPLEMENTATIONS = YES;
				CLANG_WARN_DIRECT_OBJC_ISA_USAGE = YES_ERROR;
				CLANG_WARN_DOCUMENTATION_COMMENTS = YES;
				CLANG_WARN_EMPTY_BODY = YES;
				CLANG_WARN_ENUM_CONVERSION = YES;
				CLANG_WARN_INFINITE_RECURSION = YES;
				CLANG_WARN_INT_CONVERSION = YES;
				CLANG_WARN_NON_LITERAL_NULL_CONVERSION = YES;
				CLANG_WARN_OBJC_IMPLICIT_RETAIN_SELF = YES;
				CLANG_WARN_OBJC_LITERAL_CONVERSION = YES;
				CLANG_WARN_OBJC_ROOT_CLASS = YES_ERROR;
				CLANG_WARN_QUOTED_INCLUDE_IN_FRAMEWORK_HEADER = YES;
				CLANG_WARN_RANGE_LOOP_ANALYSIS = YES;
				CLANG_WARN_STRICT_PROTOTYPES = YES;
				CLANG_WARN_SUSPICIOUS_MOVE = YES;
				CLANG_WARN_UNGUARDED_AVAILABILITY = YES_AGGRESSIVE;
				CLANG_WARN_UNREACHABLE_CODE = YES;
				CLANG_WARN__DUPLICATE_METHOD_MATCH = YES;
				COPY_PHASE_STRIP = NO;
				DEBUG_INFORMATION_FORMAT = "dwarf-with-dsym";
				ENABLE_NS_ASSERTIONS = NO;
				ENABLE_STRICT_OBJC_MSGSEND = YES;
				GCC_C_LANGUAGE_STANDARD = gnu11;
				GCC_NO_COMMON_BLOCKS = YES;
				GCC_WARN_64_TO_32_BIT_CONVERSION = YES;
				GCC_WARN_ABOUT_RETURN_TYPE = YES_ERROR;
				GCC_WARN_UNDECLARED_SELECTOR = YES;
				GCC_WARN_UNINITIALIZED_AUTOS = YES_AGGRESSIVE;
				GCC_WARN_UNUSED_FUNCTION = YES;
				GCC_WARN_UNUSED_VARIABLE = YES;
				IPHONEOS_DEPLOYMENT_TARGET = 14.5;
				MTL_ENABLE_DEBUG_INFO = NO;
				MTL_FAST_MATH = YES;
				SDKROOT = iphoneos;
				SWIFT_COMPILATION_MODE = wholemodule;
				SWIFT_OPTIMIZATION_LEVEL = "-O";
				VALIDATE_PRODUCT = YES;
			};
			name = Release;
		};
		4E867D8326800B6D00803068 /* Debug */ = {
			isa = XCBuildConfiguration;
			buildSettings = {
				ASSETCATALOG_COMPILER_APPICON_NAME = AppIcon;
				ASSETCATALOG_COMPILER_GLOBAL_ACCENT_COLOR_NAME = AccentColor;
				CODE_SIGN_STYLE = Automatic;
				DEVELOPMENT_TEAM = B2LKGG24NP;
				INFOPLIST_FILE = PokeDex/Info.plist;
				LD_RUNPATH_SEARCH_PATHS = (
					"$(inherited)",
					"@executable_path/Frameworks",
				);
				PRODUCT_BUNDLE_IDENTIFIER = nicholasdalba.PokeDex;
				PRODUCT_NAME = "$(TARGET_NAME)";
				SWIFT_VERSION = 5.0;
				TARGETED_DEVICE_FAMILY = "1,2";
			};
			name = Debug;
		};
		4E867D8426800B6D00803068 /* Release */ = {
			isa = XCBuildConfiguration;
			buildSettings = {
				ASSETCATALOG_COMPILER_APPICON_NAME = AppIcon;
				ASSETCATALOG_COMPILER_GLOBAL_ACCENT_COLOR_NAME = AccentColor;
				CODE_SIGN_STYLE = Automatic;
				DEVELOPMENT_TEAM = B2LKGG24NP;
				INFOPLIST_FILE = PokeDex/Info.plist;
				LD_RUNPATH_SEARCH_PATHS = (
					"$(inherited)",
					"@executable_path/Frameworks",
				);
				PRODUCT_BUNDLE_IDENTIFIER = nicholasdalba.PokeDex;
				PRODUCT_NAME = "$(TARGET_NAME)";
				SWIFT_VERSION = 5.0;
				TARGETED_DEVICE_FAMILY = "1,2";
			};
			name = Release;
		};
/* End XCBuildConfiguration section */

/* Begin XCConfigurationList section */
		4E867D6626800B6A00803068 /* Build configuration list for PBXProject "PokeDex" */ = {
			isa = XCConfigurationList;
			buildConfigurations = (
				4E867D8026800B6D00803068 /* Debug */,
				4E867D8126800B6D00803068 /* Release */,
			);
			defaultConfigurationIsVisible = 0;
			defaultConfigurationName = Release;
		};
		4E867D8226800B6D00803068 /* Build configuration list for PBXNativeTarget "PokeDex" */ = {
			isa = XCConfigurationList;
			buildConfigurations = (
				4E867D8326800B6D00803068 /* Debug */,
				4E867D8426800B6D00803068 /* Release */,
			);
			defaultConfigurationIsVisible = 0;
			defaultConfigurationName = Release;
		};
/* End XCConfigurationList section */

/* Begin XCVersionGroup section */
		4E867D7726800B6A00803068 /* PokeDex.xcdatamodeld */ = {
			isa = XCVersionGroup;
			children = (
				4E867D7826800B6A00803068 /* PokeDex.xcdatamodel */,
			);
			currentVersion = 4E867D7826800B6A00803068 /* PokeDex.xcdatamodel */;
			path = PokeDex.xcdatamodeld;
			sourceTree = "<group>";
			versionGroupType = wrapper.xcdatamodel;
		};
/* End XCVersionGroup section */
	};
	rootObject = 4E867D6326800B6A00803068 /* Project object */;
}
